
Microsoft Visual Studio Solution File, Format Version 10.00
# Visual C++ Express 2008
Project("{8BC9CEB8-8B4A-11D0-8D11-00A0C91BC942}") = "LAB_1", "LAB_1\LAB_1.vcproj", "{B50602DF-9D38-4B3F-9556-3AA90143490E}"
EndProject
Global
	GlobalSection(SolutionConfigurationPlatforms) = preSolution
		Debug|Win32 = Debug|Win32
		Release|Win32 = Release|Win32
	EndGlobalSection
	GlobalSection(ProjectConfigurationPlatforms) = postSolution
		{B50602DF-9D38-4B3F-9556-3AA90143490E}.Debug|Win32.ActiveCfg = Debug|Win32
		{B50602DF-9D38-4B3F-9556-3AA90143490E}.Debug|Win32.Build.0 = Debug|Win32
		{B50602DF-9D38-4B3F-9556-3AA90143490E}.Release|Win32.ActiveCfg = Release|Win32
		{B50602DF-9D38-4B3F-9556-3AA90143490E}.Release|Win32.Build.0 = Release|Win32
	EndGlobalSection
	GlobalSection(SolutionProperties) = preSolution
		HideSolutionNode = FALSE
	EndGlobalSection
EndGlobal
